// !$*UTF8*$!
{
	archiveVersion = 1;
	classes = {
	};
	objectVersion = 48;
	objects = {

/* Begin PBXBuildFile section */
		3BDEB30A1FCE2E0A0055AE50 /* AppDelegate.swift in Sources */ = {isa = PBXBuildFile; fileRef = 3BDEB3091FCE2E0A0055AE50 /* AppDelegate.swift */; };
		3BDEB30C1FCE2E0A0055AE50 /* ViewController.swift in Sources */ = {isa = PBXBuildFile; fileRef = 3BDEB30B1FCE2E0A0055AE50 /* ViewController.swift */; };
		3BDEB30F1FCE2E0A0055AE50 /* Main.storyboard in Resources */ = {isa = PBXBuildFile; fileRef = 3BDEB30D1FCE2E0A0055AE50 /* Main.storyboard */; };
		3BDEB3121FCE2E0A0055AE50 /* verboflex.xcdatamodeld in Sources */ = {isa = PBXBuildFile; fileRef = 3BDEB3101FCE2E0A0055AE50 /* verboflex.xcdatamodeld */; };
		3BDEB3141FCE2E0A0055AE50 /* Assets.xcassets in Resources */ = {isa = PBXBuildFile; fileRef = 3BDEB3131FCE2E0A0055AE50 /* Assets.xcassets */; };
		3BDEB3171FCE2E0A0055AE50 /* LaunchScreen.storyboard in Resources */ = {isa = PBXBuildFile; fileRef = 3BDEB3151FCE2E0A0055AE50 /* LaunchScreen.storyboard */; };
		3BDEB3221FCE2E0A0055AE50 /* verboflexTests.swift in Sources */ = {isa = PBXBuildFile; fileRef = 3BDEB3211FCE2E0A0055AE50 /* verboflexTests.swift */; };
		3BDEB32D1FCE2E0A0055AE50 /* verboflexUITests.swift in Sources */ = {isa = PBXBuildFile; fileRef = 3BDEB32C1FCE2E0A0055AE50 /* verboflexUITests.swift */; };
/* End PBXBuildFile section */

/* Begin PBXContainerItemProxy section */
		3BDEB31E1FCE2E0A0055AE50 /* PBXContainerItemProxy */ = {
			isa = PBXContainerItemProxy;
			containerPortal = 3BDEB2FE1FCE2E0A0055AE50 /* Project object */;
			proxyType = 1;
			remoteGlobalIDString = 3BDEB3051FCE2E0A0055AE50;
			remoteInfo = verboflex;
		};
		3BDEB3291FCE2E0A0055AE50 /* PBXContainerItemProxy */ = {
			isa = PBXContainerItemProxy;
			containerPortal = 3BDEB2FE1FCE2E0A0055AE50 /* Project object */;
			proxyType = 1;
			remoteGlobalIDString = 3BDEB3051FCE2E0A0055AE50;
			remoteInfo = verboflex;
		};
/* End PBXContainerItemProxy section */

/* Begin PBXFileReference section */
		3BDEB3061FCE2E0A0055AE50 /* verboflex.app */ = {isa = PBXFileReference; explicitFileType = wrapper.application; includeInIndex = 0; path = verboflex.app; sourceTree = BUILT_PRODUCTS_DIR; };
		3BDEB3091FCE2E0A0055AE50 /* AppDelegate.swift */ = {isa = PBXFileReference; lastKnownFileType = sourcecode.swift; path = AppDelegate.swift; sourceTree = "<group>"; };
		3BDEB30B1FCE2E0A0055AE50 /* ViewController.swift */ = {isa = PBXFileReference; lastKnownFileType = sourcecode.swift; path = ViewController.swift; sourceTree = "<group>"; };
		3BDEB30E1FCE2E0A0055AE50 /* Base */ = {isa = PBXFileReference; lastKnownFileType = file.storyboard; name = Base; path = Base.lproj/Main.storyboard; sourceTree = "<group>"; };
		3BDEB3111FCE2E0A0055AE50 /* verboflex.xcdatamodel */ = {isa = PBXFileReference; lastKnownFileType = wrapper.xcdatamodel; path = verboflex.xcdatamodel; sourceTree = "<group>"; };
		3BDEB3131FCE2E0A0055AE50 /* Assets.xcassets */ = {isa = PBXFileReference; lastKnownFileType = folder.assetcatalog; path = Assets.xcassets; sourceTree = "<group>"; };
		3BDEB3161FCE2E0A0055AE50 /* Base */ = {isa = PBXFileReference; lastKnownFileType = file.storyboard; name = Base; path = Base.lproj/LaunchScreen.storyboard; sourceTree = "<group>"; };
		3BDEB3181FCE2E0A0055AE50 /* Info.plist */ = {isa = PBXFileReference; lastKnownFileType = text.plist.xml; path = Info.plist; sourceTree = "<group>"; };
		3BDEB31D1FCE2E0A0055AE50 /* verboflexTests.xctest */ = {isa = PBXFileReference; explicitFileType = wrapper.cfbundle; includeInIndex = 0; path = verboflexTests.xctest; sourceTree = BUILT_PRODUCTS_DIR; };
		3BDEB3211FCE2E0A0055AE50 /* verboflexTests.swift */ = {isa = PBXFileReference; lastKnownFileType = sourcecode.swift; path = verboflexTests.swift; sourceTree = "<group>"; };
		3BDEB3231FCE2E0A0055AE50 /* Info.plist */ = {isa = PBXFileReference; lastKnownFileType = text.plist.xml; path = Info.plist; sourceTree = "<group>"; };
		3BDEB3281FCE2E0A0055AE50 /* verboflexUITests.xctest */ = {isa = PBXFileReference; explicitFileType = wrapper.cfbundle; includeInIndex = 0; path = verboflexUITests.xctest; sourceTree = BUILT_PRODUCTS_DIR; };
		3BDEB32C1FCE2E0A0055AE50 /* verboflexUITests.swift */ = {isa = PBXFileReference; lastKnownFileType = sourcecode.swift; path = verboflexUITests.swift; sourceTree = "<group>"; };
		3BDEB32E1FCE2E0A0055AE50 /* Info.plist */ = {isa = PBXFileReference; lastKnownFileType = text.plist.xml; path = Info.plist; sourceTree = "<group>"; };
/* End PBXFileReference section */

/* Begin PBXFrameworksBuildPhase section */
		3BDEB3031FCE2E0A0055AE50 /* Frameworks */ = {
			isa = PBXFrameworksBuildPhase;
			buildActionMask = 2147483647;
			files = (
			);
			runOnlyForDeploymentPostprocessing = 0;
		};
		3BDEB31A1FCE2E0A0055AE50 /* Frameworks */ = {
			isa = PBXFrameworksBuildPhase;
			buildActionMask = 2147483647;
			files = (
			);
			runOnlyForDeploymentPostprocessing = 0;
		};
		3BDEB3251FCE2E0A0055AE50 /* Frameworks */ = {
			isa = PBXFrameworksBuildPhase;
			buildActionMask = 2147483647;
			files = (
			);
			runOnlyForDeploymentPostprocessing = 0;
		};
/* End PBXFrameworksBuildPhase section */

/* Begin PBXGroup section */
		3BDEB2FD1FCE2E0A0055AE50 = {
			isa = PBXGroup;
			children = (
				3BDEB3081FCE2E0A0055AE50 /* verboflex */,
				3BDEB3201FCE2E0A0055AE50 /* verboflexTests */,
				3BDEB32B1FCE2E0A0055AE50 /* verboflexUITests */,
				3BDEB3071FCE2E0A0055AE50 /* Products */,
			);
			sourceTree = "<group>";
		};
		3BDEB3071FCE2E0A0055AE50 /* Products */ = {
			isa = PBXGroup;
			children = (
				3BDEB3061FCE2E0A0055AE50 /* verboflex.app */,
				3BDEB31D1FCE2E0A0055AE50 /* verboflexTests.xctest */,
				3BDEB3281FCE2E0A0055AE50 /* verboflexUITests.xctest */,
			);
			name = Products;
			sourceTree = "<group>";
		};
		3BDEB3081FCE2E0A0055AE50 /* verboflex */ = {
			isa = PBXGroup;
			children = (
				3BDEB3091FCE2E0A0055AE50 /* AppDelegate.swift */,
				3BDEB30B1FCE2E0A0055AE50 /* ViewController.swift */,
				3BDEB30D1FCE2E0A0055AE50 /* Main.storyboard */,
				3BDEB3131FCE2E0A0055AE50 /* Assets.xcassets */,
				3BDEB3151FCE2E0A0055AE50 /* LaunchScreen.storyboard */,
				3BDEB3181FCE2E0A0055AE50 /* Info.plist */,
				3BDEB3101FCE2E0A0055AE50 /* verboflex.xcdatamodeld */,
			);
			path = verboflex;
			sourceTree = "<group>";
		};
		3BDEB3201FCE2E0A0055AE50 /* verboflexTests */ = {
			isa = PBXGroup;
			children = (
				3BDEB3211FCE2E0A0055AE50 /* verboflexTests.swift */,
				3BDEB3231FCE2E0A0055AE50 /* Info.plist */,
			);
			path = verboflexTests;
			sourceTree = "<group>";
		};
		3BDEB32B1FCE2E0A0055AE50 /* verboflexUITests */ = {
			isa = PBXGroup;
			children = (
				3BDEB32C1FCE2E0A0055AE50 /* verboflexUITests.swift */,
				3BDEB32E1FCE2E0A0055AE50 /* Info.plist */,
			);
			path = verboflexUITests;
			sourceTree = "<group>";
		};
/* End PBXGroup section */

/* Begin PBXNativeTarget section */
		3BDEB3051FCE2E0A0055AE50 /* verboflex */ = {
			isa = PBXNativeTarget;
			buildConfigurationList = 3BDEB3311FCE2E0A0055AE50 /* Build configuration list for PBXNativeTarget "verboflex" */;
			buildPhases = (
				3BDEB3021FCE2E0A0055AE50 /* Sources */,
				3BDEB3031FCE2E0A0055AE50 /* Frameworks */,
				3BDEB3041FCE2E0A0055AE50 /* Resources */,
			);
			buildRules = (
			);
			dependencies = (
			);
			name = verboflex;
			productName = verboflex;
			productReference = 3BDEB3061FCE2E0A0055AE50 /* verboflex.app */;
			productType = "com.apple.product-type.application";
		};
		3BDEB31C1FCE2E0A0055AE50 /* verboflexTests */ = {
			isa = PBXNativeTarget;
			buildConfigurationList = 3BDEB3341FCE2E0A0055AE50 /* Build configuration list for PBXNativeTarget "verboflexTests" */;
			buildPhases = (
				3BDEB3191FCE2E0A0055AE50 /* Sources */,
				3BDEB31A1FCE2E0A0055AE50 /* Frameworks */,
				3BDEB31B1FCE2E0A0055AE50 /* Resources */,
			);
			buildRules = (
			);
			dependencies = (
				3BDEB31F1FCE2E0A0055AE50 /* PBXTargetDependency */,
			);
			name = verboflexTests;
			productName = verboflexTests;
			productReference = 3BDEB31D1FCE2E0A0055AE50 /* verboflexTests.xctest */;
			productType = "com.apple.product-type.bundle.unit-test";
		};
		3BDEB3271FCE2E0A0055AE50 /* verboflexUITests */ = {
			isa = PBXNativeTarget;
			buildConfigurationList = 3BDEB3371FCE2E0A0055AE50 /* Build configuration list for PBXNativeTarget "verboflexUITests" */;
			buildPhases = (
				3BDEB3241FCE2E0A0055AE50 /* Sources */,
				3BDEB3251FCE2E0A0055AE50 /* Frameworks */,
				3BDEB3261FCE2E0A0055AE50 /* Resources */,
			);
			buildRules = (
			);
			dependencies = (
				3BDEB32A1FCE2E0A0055AE50 /* PBXTargetDependency */,
			);
			name = verboflexUITests;
			productName = verboflexUITests;
			productReference = 3BDEB3281FCE2E0A0055AE50 /* verboflexUITests.xctest */;
			productType = "com.apple.product-type.bundle.ui-testing";
		};
/* End PBXNativeTarget section */

/* Begin PBXProject section */
		3BDEB2FE1FCE2E0A0055AE50 /* Project object */ = {
			isa = PBXProject;
			attributes = {
				LastSwiftUpdateCheck = 0910;
				LastUpgradeCheck = 0910;
				ORGANIZATIONNAME = "Javier Poremski";
				TargetAttributes = {
					3BDEB3051FCE2E0A0055AE50 = {
						CreatedOnToolsVersion = 9.1;
						ProvisioningStyle = Automatic;
					};
					3BDEB31C1FCE2E0A0055AE50 = {
						CreatedOnToolsVersion = 9.1;
						ProvisioningStyle = Automatic;
						TestTargetID = 3BDEB3051FCE2E0A0055AE50;
					};
					3BDEB3271FCE2E0A0055AE50 = {
						CreatedOnToolsVersion = 9.1;
						ProvisioningStyle = Automatic;
						TestTargetID = 3BDEB3051FCE2E0A0055AE50;
					};
				};
			};
			buildConfigurationList = 3BDEB3011FCE2E0A0055AE50 /* Build configuration list for PBXProject "verboflex" */;
			compatibilityVersion = "Xcode 8.0";
			developmentRegion = en;
			hasScannedForEncodings = 0;
			knownRegions = (
				en,
				Base,
			);
			mainGroup = 3BDEB2FD1FCE2E0A0055AE50;
			productRefGroup = 3BDEB3071FCE2E0A0055AE50 /* Products */;
			projectDirPath = "";
			projectRoot = "";
			targets = (
				3BDEB3051FCE2E0A0055AE50 /* verboflex */,
				3BDEB31C1FCE2E0A0055AE50 /* verboflexTests */,
				3BDEB3271FCE2E0A0055AE50 /* verboflexUITests */,
			);
		};
/* End PBXProject section */

/* Begin PBXResourcesBuildPhase section */
		3BDEB3041FCE2E0A0055AE50 /* Resources */ = {
			isa = PBXResourcesBuildPhase;
			buildActionMask = 2147483647;
			files = (
				3BDEB3171FCE2E0A0055AE50 /* LaunchScreen.storyboard in Resources */,
				3BDEB3141FCE2E0A0055AE50 /* Assets.xcassets in Resources */,
				3BDEB30F1FCE2E0A0055AE50 /* Main.storyboard in Resources */,
			);
			runOnlyForDeploymentPostprocessing = 0;
		};
		3BDEB31B1FCE2E0A0055AE50 /* Resources */ = {
			isa = PBXResourcesBuildPhase;
			buildActionMask = 2147483647;
			files = (
			);
			runOnlyForDeploymentPostprocessing = 0;
		};
		3BDEB3261FCE2E0A0055AE50 /* Resources */ = {
			isa = PBXResourcesBuildPhase;
			buildActionMask = 2147483647;
			files = (
			);
			runOnlyForDeploymentPostprocessing = 0;
		};
/* End PBXResourcesBuildPhase section */

/* Begin PBXSourcesBuildPhase section */
		3BDEB3021FCE2E0A0055AE50 /* Sources */ = {
			isa = PBXSourcesBuildPhase;
			buildActionMask = 2147483647;
			files = (
				3BDEB30C1FCE2E0A0055AE50 /* ViewController.swift in Sources */,
				3BDEB30A1FCE2E0A0055AE50 /* AppDelegate.swift in Sources */,
				3BDEB3121FCE2E0A0055AE50 /* verboflex.xcdatamodeld in Sources */,
			);
			runOnlyForDeploymentPostprocessing = 0;
		};
		3BDEB3191FCE2E0A0055AE50 /* Sources */ = {
			isa = PBXSourcesBuildPhase;
			buildActionMask = 2147483647;
			files = (
				3BDEB3221FCE2E0A0055AE50 /* verboflexTests.swift in Sources */,
			);
			runOnlyForDeploymentPostprocessing = 0;
		};
		3BDEB3241FCE2E0A0055AE50 /* Sources */ = {
			isa = PBXSourcesBuildPhase;
			buildActionMask = 2147483647;
			files = (
				3BDEB32D1FCE2E0A0055AE50 /* verboflexUITests.swift in Sources */,
			);
			runOnlyForDeploymentPostprocessing = 0;
		};
/* End PBXSourcesBuildPhase section */

/* Begin PBXTargetDependency section */
		3BDEB31F1FCE2E0A0055AE50 /* PBXTargetDependency */ = {
			isa = PBXTargetDependency;
			target = 3BDEB3051FCE2E0A0055AE50 /* verboflex */;
			targetProxy = 3BDEB31E1FCE2E0A0055AE50 /* PBXContainerItemProxy */;
		};
		3BDEB32A1FCE2E0A0055AE50 /* PBXTargetDependency */ = {
			isa = PBXTargetDependency;
			target = 3BDEB3051FCE2E0A0055AE50 /* verboflex */;
			targetProxy = 3BDEB3291FCE2E0A0055AE50 /* PBXContainerItemProxy */;
		};
/* End PBXTargetDependency section */

/* Begin PBXVariantGroup section */
		3BDEB30D1FCE2E0A0055AE50 /* Main.storyboard */ = {
			isa = PBXVariantGroup;
			children = (
				3BDEB30E1FCE2E0A0055AE50 /* Base */,
			);
			name = Main.storyboard;
			sourceTree = "<group>";
		};
		3BDEB3151FCE2E0A0055AE50 /* LaunchScreen.storyboard */ = {
			isa = PBXVariantGroup;
			children = (
				3BDEB3161FCE2E0A0055AE50 /* Base */,
			);
			name = LaunchScreen.storyboard;
			sourceTree = "<group>";
		};
/* End PBXVariantGroup section */

/* Begin XCBuildConfiguration section */
		3BDEB32F1FCE2E0A0055AE50 /* Debug */ = {
			isa = XCBuildConfiguration;
			buildSettings = {
				ALWAYS_SEARCH_USER_PATHS = NO;
				CLANG_ANALYZER_NONNULL = YES;
				CLANG_ANALYZER_NUMBER_OBJECT_CONVERSION = YES_AGGRESSIVE;
				CLANG_CXX_LANGUAGE_STANDARD = "gnu++14";
				CLANG_CXX_LIBRARY = "libc++";
				CLANG_ENABLE_MODULES = YES;
				CLANG_ENABLE_OBJC_ARC = YES;
				CLANG_WARN_BLOCK_CAPTURE_AUTORELEASING = YES;
				CLANG_WARN_BOOL_CONVERSION = YES;
				CLANG_WARN_COMMA = YES;
				CLANG_WARN_CONSTANT_CONVERSION = YES;
				CLANG_WARN_DIRECT_OBJC_ISA_USAGE = YES_ERROR;
				CLANG_WARN_DOCUMENTATION_COMMENTS = YES;
				CLANG_WARN_EMPTY_BODY = YES;
				CLANG_WARN_ENUM_CONVERSION = YES;
				CLANG_WARN_INFINITE_RECURSION = YES;
				CLANG_WARN_INT_CONVERSION = YES;
				CLANG_WARN_NON_LITERAL_NULL_CONVERSION = YES;
				CLANG_WARN_OBJC_LITERAL_CONVERSION = YES;
				CLANG_WARN_OBJC_ROOT_CLASS = YES_ERROR;
				CLANG_WARN_RANGE_LOOP_ANALYSIS = YES;
				CLANG_WARN_STRICT_PROTOTYPES = YES;
				CLANG_WARN_SUSPICIOUS_MOVE = YES;
				CLANG_WARN_UNGUARDED_AVAILABILITY = YES_AGGRESSIVE;
				CLANG_WARN_UNREACHABLE_CODE = YES;
				CLANG_WARN__DUPLICATE_METHOD_MATCH = YES;
				CODE_SIGN_IDENTITY = "iPhone Developer";
				COPY_PHASE_STRIP = NO;
				DEBUG_INFORMATION_FORMAT = dwarf;
				ENABLE_STRICT_OBJC_MSGSEND = YES;
				ENABLE_TESTABILITY = YES;
				GCC_C_LANGUAGE_STANDARD = gnu11;
				GCC_DYNAMIC_NO_PIC = NO;
				GCC_NO_COMMON_BLOCKS = YES;
				GCC_OPTIMIZATION_LEVEL = 0;
				GCC_PREPROCESSOR_DEFINITIONS = (
					"DEBUG=1",
					"$(inherited)",
				);
				GCC_WARN_64_TO_32_BIT_CONVERSION = YES;
				GCC_WARN_ABOUT_RETURN_TYPE = YES_ERROR;
				GCC_WARN_UNDECLARED_SELECTOR = YES;
				GCC_WARN_UNINITIALIZED_AUTOS = YES_AGGRESSIVE;
				GCC_WARN_UNUSED_FUNCTION = YES;
				GCC_WARN_UNUSED_VARIABLE = YES;
				IPHONEOS_DEPLOYMENT_TARGET = 11.1;
				MTL_ENABLE_DEBUG_INFO = YES;
				ONLY_ACTIVE_ARCH = YES;
				SDKROOT = iphoneos;
				SWIFT_ACTIVE_COMPILATION_CONDITIONS = DEBUG;
				SWIFT_OPTIMIZATION_LEVEL = "-Onone";
			};
			name = Debug;
		};
		3BDEB3301FCE2E0A0055AE50 /* Release */ = {
			isa = XCBuildConfiguration;
			buildSettings = {
				ALWAYS_SEARCH_USER_PATHS = NO;
				CLANG_ANALYZER_NONNULL = YES;
				CLANG_ANALYZER_NUMBER_OBJECT_CONVERSION = YES_AGGRESSIVE;
				CLANG_CXX_LANGUAGE_STANDARD = "gnu++14";
				CLANG_CXX_LIBRARY = "libc++";
				CLANG_ENABLE_MODULES = YES;
				CLANG_ENABLE_OBJC_ARC = YES;
				CLANG_WARN_BLOCK_CAPTURE_AUTORELEASING = YES;
				CLANG_WARN_BOOL_CONVERSION = YES;
				CLANG_WARN_COMMA = YES;
				CLANG_WARN_CONSTANT_CONVERSION = YES;
				CLANG_WARN_DIRECT_OBJC_ISA_USAGE = YES_ERROR;
				CLANG_WARN_DOCUMENTATION_COMMENTS = YES;
				CLANG_WARN_EMPTY_BODY = YES;
				CLANG_WARN_ENUM_CONVERSION = YES;
				CLANG_WARN_INFINITE_RECURSION = YES;
				CLANG_WARN_INT_CONVERSION = YES;
				CLANG_WARN_NON_LITERAL_NULL_CONVERSION = YES;
				CLANG_WARN_OBJC_LITERAL_CONVERSION = YES;
				CLANG_WARN_OBJC_ROOT_CLASS = YES_ERROR;
				CLANG_WARN_RANGE_LOOP_ANALYSIS = YES;
				CLANG_WARN_STRICT_PROTOTYPES = YES;
				CLANG_WARN_SUSPICIOUS_MOVE = YES;
				CLANG_WARN_UNGUARDED_AVAILABILITY = YES_AGGRESSIVE;
				CLANG_WARN_UNREACHABLE_CODE = YES;
				CLANG_WARN__DUPLICATE_METHOD_MATCH = YES;
				CODE_SIGN_IDENTITY = "iPhone Developer";
				COPY_PHASE_STRIP = NO;
				DEBUG_INFORMATION_FORMAT = "dwarf-with-dsym";
				ENABLE_NS_ASSERTIONS = NO;
				ENABLE_STRICT_OBJC_MSGSEND = YES;
				GCC_C_LANGUAGE_STANDARD = gnu11;
				GCC_NO_COMMON_BLOCKS = YES;
				GCC_WARN_64_TO_32_BIT_CONVERSION = YES;
				GCC_WARN_ABOUT_RETURN_TYPE = YES_ERROR;
				GCC_WARN_UNDECLARED_SELECTOR = YES;
				GCC_WARN_UNINITIALIZED_AUTOS = YES_AGGRESSIVE;
				GCC_WARN_UNUSED_FUNCTION = YES;
				GCC_WARN_UNUSED_VARIABLE = YES;
				IPHONEOS_DEPLOYMENT_TARGET = 11.1;
				MTL_ENABLE_DEBUG_INFO = NO;
				SDKROOT = iphoneos;
				SWIFT_OPTIMIZATION_LEVEL = "-Owholemodule";
				VALIDATE_PRODUCT = YES;
			};
			name = Release;
		};
		3BDEB3321FCE2E0A0055AE50 /* Debug */ = {
			isa = XCBuildConfiguration;
			buildSettings = {
				ASSETCATALOG_COMPILER_APPICON_NAME = AppIcon;
				CODE_SIGN_STYLE = Automatic;
				INFOPLIST_FILE = verboflex/Info.plist;
				LD_RUNPATH_SEARCH_PATHS = "$(inherited) @executable_path/Frameworks";
				PRODUCT_BUNDLE_IDENTIFIER = se.poremski.verboflex;
				PRODUCT_NAME = "$(TARGET_NAME)";
				SWIFT_VERSION = 4.0;
				TARGETED_DEVICE_FAMILY = "1,2";
			};
			name = Debug;
		};
		3BDEB3331FCE2E0A0055AE50 /* Release */ = {
			isa = XCBuildConfiguration;
			buildSettings = {
				ASSETCATALOG_COMPILER_APPICON_NAME = AppIcon;
				CODE_SIGN_STYLE = Automatic;
				INFOPLIST_FILE = verboflex/Info.plist;
				LD_RUNPATH_SEARCH_PATHS = "$(inherited) @executable_path/Frameworks";
				PRODUCT_BUNDLE_IDENTIFIER = se.poremski.verboflex;
				PRODUCT_NAME = "$(TARGET_NAME)";
				SWIFT_VERSION = 4.0;
				TARGETED_DEVICE_FAMILY = "1,2";
			};
			name = Release;
		};
		3BDEB3351FCE2E0A0055AE50 /* Debug */ = {
			isa = XCBuildConfiguration;
			buildSettings = {
				ALWAYS_EMBED_SWIFT_STANDARD_LIBRARIES = YES;
				BUNDLE_LOADER = "$(TEST_HOST)";
				CODE_SIGN_STYLE = Automatic;
				INFOPLIST_FILE = verboflexTests/Info.plist;
				LD_RUNPATH_SEARCH_PATHS = "$(inherited) @executable_path/Frameworks @loader_path/Frameworks";
				PRODUCT_BUNDLE_IDENTIFIER = se.poremski.verboflexTests;
				PRODUCT_NAME = "$(TARGET_NAME)";
				SWIFT_VERSION = 4.0;
				TARGETED_DEVICE_FAMILY = "1,2";
				TEST_HOST = "$(BUILT_PRODUCTS_DIR)/verboflex.app/verboflex";
			};
			name = Debug;
		};
		3BDEB3361FCE2E0A0055AE50 /* Release */ = {
			isa = XCBuildConfiguration;
			buildSettings = {
				ALWAYS_EMBED_SWIFT_STANDARD_LIBRARIES = YES;
				BUNDLE_LOADER = "$(TEST_HOST)";
				CODE_SIGN_STYLE = Automatic;
				INFOPLIST_FILE = verboflexTests/Info.plist;
				LD_RUNPATH_SEARCH_PATHS = "$(inherited) @executable_path/Frameworks @loader_path/Frameworks";
				PRODUCT_BUNDLE_IDENTIFIER = se.poremski.verboflexTests;
				PRODUCT_NAME = "$(TARGET_NAME)";
				SWIFT_VERSION = 4.0;
				TARGETED_DEVICE_FAMILY = "1,2";
				TEST_HOST = "$(BUILT_PRODUCTS_DIR)/verboflex.app/verboflex";
			};
			name = Release;
		};
		3BDEB3381FCE2E0A0055AE50 /* Debug */ = {
			isa = XCBuildConfiguration;
			buildSettings = {
				ALWAYS_EMBED_SWIFT_STANDARD_LIBRARIES = YES;
				CODE_SIGN_STYLE = Automatic;
				INFOPLIST_FILE = verboflexUITests/Info.plist;
				LD_RUNPATH_SEARCH_PATHS = "$(inherited) @executable_path/Frameworks @loader_path/Frameworks";
				PRODUCT_BUNDLE_IDENTIFIER = se.poremski.verboflexUITests;
				PRODUCT_NAME = "$(TARGET_NAME)";
				SWIFT_VERSION = 4.0;
				TARGETED_DEVICE_FAMILY = "1,2";
				TEST_TARGET_NAME = verboflex;
			};
			name = Debug;
		};
		3BDEB3391FCE2E0A0055AE50 /* Release */ = {
			isa = XCBuildConfiguration;
			buildSettings = {
				ALWAYS_EMBED_SWIFT_STANDARD_LIBRARIES = YES;
				CODE_SIGN_STYLE = Automatic;
				INFOPLIST_FILE = verboflexUITests/Info.plist;
				LD_RUNPATH_SEARCH_PATHS = "$(inherited) @executable_path/Frameworks @loader_path/Frameworks";
				PRODUCT_BUNDLE_IDENTIFIER = se.poremski.verboflexUITests;
				PRODUCT_NAME = "$(TARGET_NAME)";
				SWIFT_VERSION = 4.0;
				TARGETED_DEVICE_FAMILY = "1,2";
				TEST_TARGET_NAME = verboflex;
			};
			name = Release;
		};
/* End XCBuildConfiguration section */

/* Begin XCConfigurationList section */
		3BDEB3011FCE2E0A0055AE50 /* Build configuration list for PBXProject "verboflex" */ = {
			isa = XCConfigurationList;
			buildConfigurations = (
				3BDEB32F1FCE2E0A0055AE50 /* Debug */,
				3BDEB3301FCE2E0A0055AE50 /* Release */,
			);
			defaultConfigurationIsVisible = 0;
			defaultConfigurationName = Release;
		};
		3BDEB3311FCE2E0A0055AE50 /* Build configuration list for PBXNativeTarget "verboflex" */ = {
			isa = XCConfigurationList;
			buildConfigurations = (
				3BDEB3321FCE2E0A0055AE50 /* Debug */,
				3BDEB3331FCE2E0A0055AE50 /* Release */,
			);
			defaultConfigurationIsVisible = 0;
			defaultConfigurationName = Release;
		};
		3BDEB3341FCE2E0A0055AE50 /* Build configuration list for PBXNativeTarget "verboflexTests" */ = {
			isa = XCConfigurationList;
			buildConfigurations = (
				3BDEB3351FCE2E0A0055AE50 /* Debug */,
				3BDEB3361FCE2E0A0055AE50 /* Release */,
			);
			defaultConfigurationIsVisible = 0;
			defaultConfigurationName = Release;
		};
		3BDEB3371FCE2E0A0055AE50 /* Build configuration list for PBXNativeTarget "verboflexUITests" */ = {
			isa = XCConfigurationList;
			buildConfigurations = (
				3BDEB3381FCE2E0A0055AE50 /* Debug */,
				3BDEB3391FCE2E0A0055AE50 /* Release */,
			);
			defaultConfigurationIsVisible = 0;
			defaultConfigurationName = Release;
		};
/* End XCConfigurationList section */

/* Begin XCVersionGroup section */
		3BDEB3101FCE2E0A0055AE50 /* verboflex.xcdatamodeld */ = {
			isa = XCVersionGroup;
			children = (
				3BDEB3111FCE2E0A0055AE50 /* verboflex.xcdatamodel */,
			);
			currentVersion = 3BDEB3111FCE2E0A0055AE50 /* verboflex.xcdatamodel */;
			path = verboflex.xcdatamodeld;
			sourceTree = "<group>";
			versionGroupType = wrapper.xcdatamodel;
		};
/* End XCVersionGroup section */
	};
	rootObject = 3BDEB2FE1FCE2E0A0055AE50 /* Project object */;
}
